
Microsoft Visual Studio Solution File, Format Version 12.00
# Visual Studio Version 17
VisualStudioVersion = 17.0.31903.59
MinimumVisualStudioVersion = 10.0.40219.1
Project("{2150E333-8FDC-42A3-9474-1A3956D46DE8}") = "src", "src", "{827E0CD3-B72D-47B6-A68D-7590B98EB39B}"
EndProject
Project("{FAE04EC0-301F-11D3-BF4B-00C04F79EFBC}") = "Platform.Core", "src\Platform.Core\Platform.Core.csproj", "{2E6FB919-CAE0-44EB-B798-5FDD1F11C0B4}"
EndProject
Project("{FAE04EC0-301F-11D3-BF4B-00C04F79EFBC}") = "Platform.AspNetCore", "src\Platform.AspNetCore\Platform.AspNetCore.csproj", "{85EFE33B-25B6-422D-B865-0926DEE6BF11}"
EndProject
Project("{FAE04EC0-301F-11D3-BF4B-00C04F79EFBC}") = "Platform.Billing.Contracts", "src\Platform.Billing.Contracts\Platform.Billing.Contracts.csproj", "{F450A663-63A5-410A-A73E-B13EB40F3066}"
EndProject
Project("{FAE04EC0-301F-11D3-BF4B-00C04F79EFBC}") = "Platform.Testing", "src\Platform.Testing\Platform.Testing.csproj", "{06F9D3FD-902C-4436-A959-5575063792C5}"
EndProject
Project("{2150E333-8FDC-42A3-9474-1A3956D46DE8}") = "tests", "tests", "{0AB3BF05-4346-4AA6-1389-037BE0695223}"
EndProject
Project("{FAE04EC0-301F-11D3-BF4B-00C04F79EFBC}") = "Platform.Core.Tests", "tests\Platform.Core.Tests\Platform.Core.Tests.csproj", "{36D307AC-0390-4D2A-8C72-C0A75D444CB8}"
EndProject
Project("{FAE04EC0-301F-11D3-BF4B-00C04F79EFBC}") = "Platform.AspNetCore.Tests", "tests\Platform.AspNetCore.Tests\Platform.AspNetCore.Tests.csproj", "{C40DC816-E1E2-462A-981A-78104DC8AE95}"
EndProject
Project("{FAE04EC0-301F-11D3-BF4B-00C04F79EFBC}") = "Platform.Billing.Contracts.Tests", "tests\Platform.Billing.Contracts.Tests\Platform.Billing.Contracts.Tests.csproj", "{98B1B42E-F8D5-4C83-9D31-331B121461A7}"
EndProject
Project("{FAE04EC0-301F-11D3-BF4B-00C04F79EFBC}") = "Platform.Testing.Tests", "tests\Platform.Testing.Tests\Platform.Testing.Tests.csproj", "{F49B6651-F970-4ECD-8ECC-E616038D94D7}"
EndProject
Project("{FAE04EC0-301F-11D3-BF4B-00C04F79EFBC}") = "Platform.Architecture.Tests", "tests\Platform.Architecture.Tests\Platform.Architecture.Tests.csproj", "{069A0546-6FB5-4D97-9525-EA8F7555F4C6}"
EndProject
Global
	GlobalSection(SolutionConfigurationPlatforms) = preSolution
		Debug|Any CPU = Debug|Any CPU
		Debug|x64 = Debug|x64
		Debug|x86 = Debug|x86
		Release|Any CPU = Release|Any CPU
		Release|x64 = Release|x64
		Release|x86 = Release|x86
	EndGlobalSection
	GlobalSection(ProjectConfigurationPlatforms) = postSolution
		{2E6FB919-CAE0-44EB-B798-5FDD1F11C0B4}.Debug|Any CPU.ActiveCfg = Debug|Any CPU
		{2E6FB919-CAE0-44EB-B798-5FDD1F11C0B4}.Debug|Any CPU.Build.0 = Debug|Any CPU
		{2E6FB919-CAE0-44EB-B798-5FDD1F11C0B4}.Debug|x64.ActiveCfg = Debug|Any CPU
		{2E6FB919-CAE0-44EB-B798-5FDD1F11C0B4}.Debug|x64.Build.0 = Debug|Any CPU
		{2E6FB919-CAE0-44EB-B798-5FDD1F11C0B4}.Debug|x86.ActiveCfg = Debug|Any CPU
		{2E6FB919-CAE0-44EB-B798-5FDD1F11C0B4}.Debug|x86.Build.0 = Debug|Any CPU
		{2E6FB919-CAE0-44EB-B798-5FDD1F11C0B4}.Release|Any CPU.ActiveCfg = Release|Any CPU
		{2E6FB919-CAE0-44EB-B798-5FDD1F11C0B4}.Release|Any CPU.Build.0 = Release|Any CPU
		{2E6FB919-CAE0-44EB-B798-5FDD1F11C0B4}.Release|x64.ActiveCfg = Release|Any CPU
		{2E6FB919-CAE0-44EB-B798-5FDD1F11C0B4}.Release|x64.Build.0 = Release|Any CPU
		{2E6FB919-CAE0-44EB-B798-5FDD1F11C0B4}.Release|x86.ActiveCfg = Release|Any CPU
		{2E6FB919-CAE0-44EB-B798-5FDD1F11C0B4}.Release|x86.Build.0 = Release|Any CPU
		{85EFE33B-25B6-422D-B865-0926DEE6BF11}.Debug|Any CPU.ActiveCfg = Debug|Any CPU
		{85EFE33B-25B6-422D-B865-0926DEE6BF11}.Debug|Any CPU.Build.0 = Debug|Any CPU
		{85EFE33B-25B6-422D-B865-0926DEE6BF11}.Debug|x64.ActiveCfg = Debug|Any CPU
		{85EFE33B-25B6-422D-B865-0926DEE6BF11}.Debug|x64.Build.0 = Debug|Any CPU
		{85EFE33B-25B6-422D-B865-0926DEE6BF11}.Debug|x86.ActiveCfg = Debug|Any CPU
		{85EFE33B-25B6-422D-B865-0926DEE6BF11}.Debug|x86.Build.0 = Debug|Any CPU
		{85EFE33B-25B6-422D-B865-0926DEE6BF11}.Release|Any CPU.ActiveCfg = Release|Any CPU
		{85EFE33B-25B6-422D-B865-0926DEE6BF11}.Release|Any CPU.Build.0 = Release|Any CPU
		{85EFE33B-25B6-422D-B865-0926DEE6BF11}.Release|x64.ActiveCfg = Release|Any CPU
		{85EFE33B-25B6-422D-B865-0926DEE6BF11}.Release|x64.Build.0 = Release|Any CPU
		{85EFE33B-25B6-422D-B865-0926DEE6BF11}.Release|x86.ActiveCfg = Release|Any CPU
		{85EFE33B-25B6-422D-B865-0926DEE6BF11}.Release|x86.Build.0 = Release|Any CPU
		{F450A663-63A5-410A-A73E-B13EB40F3066}.Debug|Any CPU.ActiveCfg = Debug|Any CPU
		{F450A663-63A5-410A-A73E-B13EB40F3066}.Debug|Any CPU.Build.0 = Debug|Any CPU
		{F450A663-63A5-410A-A73E-B13EB40F3066}.Debug|x64.ActiveCfg = Debug|Any CPU
		{F450A663-63A5-410A-A73E-B13EB40F3066}.Debug|x64.Build.0 = Debug|Any CPU
		{F450A663-63A5-410A-A73E-B13EB40F3066}.Debug|x86.ActiveCfg = Debug|Any CPU
		{F450A663-63A5-410A-A73E-B13EB40F3066}.Debug|x86.Build.0 = Debug|Any CPU
		{F450A663-63A5-410A-A73E-B13EB40F3066}.Release|Any CPU.ActiveCfg = Release|Any CPU
		{F450A663-63A5-410A-A73E-B13EB40F3066}.Release|Any CPU.Build.0 = Release|Any CPU
		{F450A663-63A5-410A-A73E-B13EB40F3066}.Release|x64.ActiveCfg = Release|Any CPU
		{F450A663-63A5-410A-A73E-B13EB40F3066}.Release|x64.Build.0 = Release|Any CPU
		{F450A663-63A5-410A-A73E-B13EB40F3066}.Release|x86.ActiveCfg = Release|Any CPU
		{F450A663-63A5-410A-A73E-B13EB40F3066}.Release|x86.Build.0 = Release|Any CPU
		{06F9D3FD-902C-4436-A959-5575063792C5}.Debug|Any CPU.ActiveCfg = Debug|Any CPU
		{06F9D3FD-902C-4436-A959-5575063792C5}.Debug|Any CPU.Build.0 = Debug|Any CPU
		{06F9D3FD-902C-4436-A959-5575063792C5}.Debug|x64.ActiveCfg = Debug|Any CPU
		{06F9D3FD-902C-4436-A959-5575063792C5}.Debug|x64.Build.0 = Debug|Any CPU
		{06F9D3FD-902C-4436-A959-5575063792C5}.Debug|x86.ActiveCfg = Debug|Any CPU
		{06F9D3FD-902C-4436-A959-5575063792C5}.Debug|x86.Build.0 = Debug|Any CPU
		{06F9D3FD-902C-4436-A959-5575063792C5}.Release|Any CPU.ActiveCfg = Release|Any CPU
		{06F9D3FD-902C-4436-A959-5575063792C5}.Release|Any CPU.Build.0 = Release|Any CPU
		{06F9D3FD-902C-4436-A959-5575063792C5}.Release|x64.ActiveCfg = Release|Any CPU
		{06F9D3FD-902C-4436-A959-5575063792C5}.Release|x64.Build.0 = Release|Any CPU
		{06F9D3FD-902C-4436-A959-5575063792C5}.Release|x86.ActiveCfg = Release|Any CPU
		{06F9D3FD-902C-4436-A959-5575063792C5}.Release|x86.Build.0 = Release|Any CPU
		{36D307AC-0390-4D2A-8C72-C0A75D444CB8}.Debug|Any CPU.ActiveCfg = Debug|Any CPU
		{36D307AC-0390-4D2A-8C72-C0A75D444CB8}.Debug|Any CPU.Build.0 = Debug|Any CPU
		{36D307AC-0390-4D2A-8C72-C0A75D444CB8}.Debug|x64.ActiveCfg = Debug|Any CPU
		{36D307AC-0390-4D2A-8C72-C0A75D444CB8}.Debug|x64.Build.0 = Debug|Any CPU
		{36D307AC-0390-4D2A-8C72-C0A75D444CB8}.Debug|x86.ActiveCfg = Debug|Any CPU
		{36D307AC-0390-4D2A-8C72-C0A75D444CB8}.Debug|x86.Build.0 = Debug|Any CPU
		{36D307AC-0390-4D2A-8C72-C0A75D444CB8}.Release|Any CPU.ActiveCfg = Release|Any CPU
		{36D307AC-0390-4D2A-8C72-C0A75D444CB8}.Release|Any CPU.Build.0 = Release|Any CPU
		{36D307AC-0390-4D2A-8C72-C0A75D444CB8}.Release|x64.ActiveCfg = Release|Any CPU
		{36D307AC-0390-4D2A-8C72-C0A75D444CB8}.Release|x64.Build.0 = Release|Any CPU
		{36D307AC-0390-4D2A-8C72-C0A75D444CB8}.Release|x86.ActiveCfg = Release|Any CPU
		{36D307AC-0390-4D2A-8C72-C0A75D444CB8}.Release|x86.Build.0 = Release|Any CPU
		{C40DC816-E1E2-462A-981A-78104DC8AE95}.Debug|Any CPU.ActiveCfg = Debug|Any CPU
		{C40DC816-E1E2-462A-981A-78104DC8AE95}.Debug|Any CPU.Build.0 = Debug|Any CPU
		{C40DC816-E1E2-462A-981A-78104DC8AE95}.Debug|x64.ActiveCfg = Debug|Any CPU
		{C40DC816-E1E2-462A-981A-78104DC8AE95}.Debug|x64.Build.0 = Debug|Any CPU
		{C40DC816-E1E2-462A-981A-78104DC8AE95}.Debug|x86.ActiveCfg = Debug|Any CPU
		{C40DC816-E1E2-462A-981A-78104DC8AE95}.Debug|x86.Build.0 = Debug|Any CPU
		{C40DC816-E1E2-462A-981A-78104DC8AE95}.Release|Any CPU.ActiveCfg = Release|Any CPU
		{C40DC816-E1E2-462A-981A-78104DC8AE95}.Release|Any CPU.Build.0 = Release|Any CPU
		{C40DC816-E1E2-462A-981A-78104DC8AE95}.Release|x64.ActiveCfg = Release|Any CPU
		{C40DC816-E1E2-462A-981A-78104DC8AE95}.Release|x64.Build.0 = Release|Any CPU
		{C40DC816-E1E2-462A-981A-78104DC8AE95}.Release|x86.ActiveCfg = Release|Any CPU
		{C40DC816-E1E2-462A-981A-78104DC8AE95}.Release|x86.Build.0 = Release|Any CPU
		{98B1B42E-F8D5-4C83-9D31-331B121461A7}.Debug|Any CPU.ActiveCfg = Debug|Any CPU
		{98B1B42E-F8D5-4C83-9D31-331B121461A7}.Debug|Any CPU.Build.0 = Debug|Any CPU
		{98B1B42E-F8D5-4C83-9D31-331B121461A7}.Debug|x64.ActiveCfg = Debug|Any CPU
		{98B1B42E-F8D5-4C83-9D31-331B121461A7}.Debug|x64.Build.0 = Debug|Any CPU
		{98B1B42E-F8D5-4C83-9D31-331B121461A7}.Debug|x86.ActiveCfg = Debug|Any CPU
		{98B1B42E-F8D5-4C83-9D31-331B121461A7}.Debug|x86.Build.0 = Debug|Any CPU
		{98B1B42E-F8D5-4C83-9D31-331B121461A7}.Release|Any CPU.ActiveCfg = Release|Any CPU
		{98B1B42E-F8D5-4C83-9D31-331B121461A7}.Release|Any CPU.Build.0 = Release|Any CPU
		{98B1B42E-F8D5-4C83-9D31-331B121461A7}.Release|x64.ActiveCfg = Release|Any CPU
		{98B1B42E-F8D5-4C83-9D31-331B121461A7}.Release|x64.Build.0 = Release|Any CPU
		{98B1B42E-F8D5-4C83-9D31-331B121461A7}.Release|x86.ActiveCfg = Release|Any CPU
		{98B1B42E-F8D5-4C83-9D31-331B121461A7}.Release|x86.Build.0 = Release|Any CPU
		{F49B6651-F970-4ECD-8ECC-E616038D94D7}.Debug|Any CPU.ActiveCfg = Debug|Any CPU
		{F49B6651-F970-4ECD-8ECC-E616038D94D7}.Debug|Any CPU.Build.0 = Debug|Any CPU
		{F49B6651-F970-4ECD-8ECC-E616038D94D7}.Debug|x64.ActiveCfg = Debug|Any CPU
		{F49B6651-F970-4ECD-8ECC-E616038D94D7}.Debug|x64.Build.0 = Debug|Any CPU
		{F49B6651-F970-4ECD-8ECC-E616038D94D7}.Debug|x86.ActiveCfg = Debug|Any CPU
		{F49B6651-F970-4ECD-8ECC-E616038D94D7}.Debug|x86.Build.0 = Debug|Any CPU
		{F49B6651-F970-4ECD-8ECC-E616038D94D7}.Release|Any CPU.ActiveCfg = Release|Any CPU
		{F49B6651-F970-4ECD-8ECC-E616038D94D7}.Release|Any CPU.Build.0 = Release|Any CPU
		{F49B6651-F970-4ECD-8ECC-E616038D94D7}.Release|x64.ActiveCfg = Release|Any CPU
		{F49B6651-F970-4ECD-8ECC-E616038D94D7}.Release|x64.Build.0 = Release|Any CPU
		{F49B6651-F970-4ECD-8ECC-E616038D94D7}.Release|x86.ActiveCfg = Release|Any CPU
		{F49B6651-F970-4ECD-8ECC-E616038D94D7}.Release|x86.Build.0 = Release|Any CPU
		{069A0546-6FB5-4D97-9525-EA8F7555F4C6}.Debug|Any CPU.ActiveCfg = Debug|Any CPU
		{069A0546-6FB5-4D97-9525-EA8F7555F4C6}.Debug|Any CPU.Build.0 = Debug|Any CPU
		{069A0546-6FB5-4D97-9525-EA8F7555F4C6}.Debug|x64.ActiveCfg = Debug|Any CPU
		{069A0546-6FB5-4D97-9525-EA8F7555F4C6}.Debug|x64.Build.0 = Debug|Any CPU
		{069A0546-6FB5-4D97-9525-EA8F7555F4C6}.Debug|x86.ActiveCfg = Debug|Any CPU
		{069A0546-6FB5-4D97-9525-EA8F7555F4C6}.Debug|x86.Build.0 = Debug|Any CPU
		{069A0546-6FB5-4D97-9525-EA8F7555F4C6}.Release|Any CPU.ActiveCfg = Release|Any CPU
		{069A0546-6FB5-4D97-9525-EA8F7555F4C6}.Release|Any CPU.Build.0 = Release|Any CPU
		{069A0546-6FB5-4D97-9525-EA8F7555F4C6}.Release|x64.ActiveCfg = Release|Any CPU
		{069A0546-6FB5-4D97-9525-EA8F7555F4C6}.Release|x64.Build.0 = Release|Any CPU
		{069A0546-6FB5-4D97-9525-EA8F7555F4C6}.Release|x86.ActiveCfg = Release|Any CPU
		{069A0546-6FB5-4D97-9525-EA8F7555F4C6}.Release|x86.Build.0 = Release|Any CPU
	EndGlobalSection
	GlobalSection(SolutionProperties) = preSolution
		HideSolutionNode = FALSE
	EndGlobalSection
	GlobalSection(NestedProjects) = preSolution
		{2E6FB919-CAE0-44EB-B798-5FDD1F11C0B4} = {827E0CD3-B72D-47B6-A68D-7590B98EB39B}
		{85EFE33B-25B6-422D-B865-0926DEE6BF11} = {827E0CD3-B72D-47B6-A68D-7590B98EB39B}
		{F450A663-63A5-410A-A73E-B13EB40F3066} = {827E0CD3-B72D-47B6-A68D-7590B98EB39B}
		{06F9D3FD-902C-4436-A959-5575063792C5} = {827E0CD3-B72D-47B6-A68D-7590B98EB39B}
		{36D307AC-0390-4D2A-8C72-C0A75D444CB8} = {0AB3BF05-4346-4AA6-1389-037BE0695223}
		{C40DC816-E1E2-462A-981A-78104DC8AE95} = {0AB3BF05-4346-4AA6-1389-037BE0695223}
		{98B1B42E-F8D5-4C83-9D31-331B121461A7} = {0AB3BF05-4346-4AA6-1389-037BE0695223}
		{F49B6651-F970-4ECD-8ECC-E616038D94D7} = {0AB3BF05-4346-4AA6-1389-037BE0695223}
		{069A0546-6FB5-4D97-9525-EA8F7555F4C6} = {0AB3BF05-4346-4AA6-1389-037BE0695223}
	EndGlobalSection
EndGlobal
